
Microsoft Visual Studio Solution File, Format Version 12.00
# Visual Studio Version 16
VisualStudioVersion = 16.0.32228.343
MinimumVisualStudioVersion = 10.0.40219.1
Project("{FAE04EC0-301F-11D3-BF4B-00C04F79EFBC}") = "AksjeHandel", "AksjeHandel.csproj", "{F3A92089-B0F4-4730-AFED-4234C6045621}"
EndProject
Global
	GlobalSection(SolutionConfigurationPlatforms) = preSolution
		Debug|Any CPU = Debug|Any CPU
		Release|Any CPU = Release|Any CPU
	EndGlobalSection
	GlobalSection(ProjectConfigurationPlatforms) = postSolution
		{F3A92089-B0F4-4730-AFED-4234C6045621}.Debug|Any CPU.ActiveCfg = Debug|Any CPU
		{F3A92089-B0F4-4730-AFED-4234C6045621}.Debug|Any CPU.Build.0 = Debug|Any CPU
		{F3A92089-B0F4-4730-AFED-4234C6045621}.Release|Any CPU.ActiveCfg = Release|Any CPU
		{F3A92089-B0F4-4730-AFED-4234C6045621}.Release|Any CPU.Build.0 = Release|Any CPU
	EndGlobalSection
	GlobalSection(SolutionProperties) = preSolution
		HideSolutionNode = FALSE
	EndGlobalSection
	GlobalSection(ExtensibilityGlobals) = postSolution
		SolutionGuid = {0D3690BA-30A3-42E2-9BF4-147C08D0303F}
	EndGlobalSection
EndGlobal
